
Microsoft Visual Studio Solution File, Format Version 12.00
# Visual Studio Version 17
VisualStudioVersion = 17.0.31903.59
MinimumVisualStudioVersion = 10.0.40219.1
Project("{2150E333-8FDC-42A3-9474-1A3956D46DE8}") = "src", "src", "{A0094603-ED66-47D8-9FDC-5C59E672CE2B}"
EndProject
Project("{FAE04EC0-301F-11D3-BF4B-00C04F79EFBC}") = "Domain", "src\Domain\Domain.csproj", "{3E285B3A-D69D-4975-BF03-FFF36247FBEE}"
EndProject
Project("{FAE04EC0-301F-11D3-BF4B-00C04F79EFBC}") = "Application", "src\Application\Application.csproj", "{55BD56EE-57DC-443F-8080-491EA6344D5B}"
EndProject
Project("{FAE04EC0-301F-11D3-BF4B-00C04F79EFBC}") = "Infrastructure", "src\Infrastructure\Infrastructure.csproj", "{7D690EFB-1A66-458B-8B62-FE7440E69BF2}"
EndProject
Project("{2150E333-8FDC-42A3-9474-1A3956D46DE8}") = "Tests", "Tests", "{54888ECA-6BE9-4234-BB6E-EC1EC37C0EC2}"
EndProject
Project("{FAE04EC0-301F-11D3-BF4B-00C04F79EFBC}") = "Domain.Tests", "Tests\Domain.Tests\Domain.Tests.csproj", "{F4D11E05-06A5-47F2-8F72-DC369217EB05}"
EndProject
Project("{FAE04EC0-301F-11D3-BF4B-00C04F79EFBC}") = "Application.Tests", "Tests\Application.Tests\Application.Tests.csproj", "{DD42EBAD-85B3-4045-9879-F1A4985D9655}"
EndProject
Project("{FAE04EC0-301F-11D3-BF4B-00C04F79EFBC}") = "Infrastructure.Tests", "Tests\Infrastructure.Tests\Infrastructure.Tests.csproj", "{BBDC9530-BCDE-4C35-8A6B-645DC852ABDF}"
EndProject
Project("{FAE04EC0-301F-11D3-BF4B-00C04F79EFBC}") = "Api.Tests", "Tests\Api.Tests\Api.Tests.csproj", "{92E1121F-2BAE-4FC0-AD6F-2D9406AA6329}"
EndProject
Project("{FAE04EC0-301F-11D3-BF4B-00C04F79EFBC}") = "API", "src\API\API.csproj", "{584DF9E2-BF25-4412-BF51-35F19583B3BF}"
EndProject
Project("{54A90642-561A-4BB1-A94E-469ADEE60C69}") = "ReactApp", "src\ReactApp\ReactApp.esproj", "{A7F9394A-91EB-4971-8F74-C01BAC129A6D}"
EndProject
Project("{FAE04EC0-301F-11D3-BF4B-00C04F79EFBC}") = "Persistence", "src\Persistence\Persistence.csproj", "{9218EF43-3736-4B28-B9F5-AB239C35174F}"
EndProject
Project("{FAE04EC0-301F-11D3-BF4B-00C04F79EFBC}") = "Presentation", "src\Presentation\Presentation.csproj", "{29B69A16-D597-41FE-A820-B0CABE9D1627}"
EndProject
Global
	GlobalSection(SolutionConfigurationPlatforms) = preSolution
		Debug|Any CPU = Debug|Any CPU
		Debug|x64 = Debug|x64
		Debug|x86 = Debug|x86
		Release|Any CPU = Release|Any CPU
		Release|x64 = Release|x64
		Release|x86 = Release|x86
	EndGlobalSection
	GlobalSection(ProjectConfigurationPlatforms) = postSolution
		{3E285B3A-D69D-4975-BF03-FFF36247FBEE}.Debug|Any CPU.ActiveCfg = Debug|Any CPU
		{3E285B3A-D69D-4975-BF03-FFF36247FBEE}.Debug|Any CPU.Build.0 = Debug|Any CPU
		{3E285B3A-D69D-4975-BF03-FFF36247FBEE}.Debug|x64.ActiveCfg = Debug|Any CPU
		{3E285B3A-D69D-4975-BF03-FFF36247FBEE}.Debug|x64.Build.0 = Debug|Any CPU
		{3E285B3A-D69D-4975-BF03-FFF36247FBEE}.Debug|x86.ActiveCfg = Debug|Any CPU
		{3E285B3A-D69D-4975-BF03-FFF36247FBEE}.Debug|x86.Build.0 = Debug|Any CPU
		{3E285B3A-D69D-4975-BF03-FFF36247FBEE}.Release|Any CPU.ActiveCfg = Release|Any CPU
		{3E285B3A-D69D-4975-BF03-FFF36247FBEE}.Release|Any CPU.Build.0 = Release|Any CPU
		{3E285B3A-D69D-4975-BF03-FFF36247FBEE}.Release|x64.ActiveCfg = Release|Any CPU
		{3E285B3A-D69D-4975-BF03-FFF36247FBEE}.Release|x64.Build.0 = Release|Any CPU
		{3E285B3A-D69D-4975-BF03-FFF36247FBEE}.Release|x86.ActiveCfg = Release|Any CPU
		{3E285B3A-D69D-4975-BF03-FFF36247FBEE}.Release|x86.Build.0 = Release|Any CPU
		{55BD56EE-57DC-443F-8080-491EA6344D5B}.Debug|Any CPU.ActiveCfg = Debug|Any CPU
		{55BD56EE-57DC-443F-8080-491EA6344D5B}.Debug|Any CPU.Build.0 = Debug|Any CPU
		{55BD56EE-57DC-443F-8080-491EA6344D5B}.Debug|x64.ActiveCfg = Debug|Any CPU
		{55BD56EE-57DC-443F-8080-491EA6344D5B}.Debug|x64.Build.0 = Debug|Any CPU
		{55BD56EE-57DC-443F-8080-491EA6344D5B}.Debug|x86.ActiveCfg = Debug|Any CPU
		{55BD56EE-57DC-443F-8080-491EA6344D5B}.Debug|x86.Build.0 = Debug|Any CPU
		{55BD56EE-57DC-443F-8080-491EA6344D5B}.Release|Any CPU.ActiveCfg = Release|Any CPU
		{55BD56EE-57DC-443F-8080-491EA6344D5B}.Release|Any CPU.Build.0 = Release|Any CPU
		{55BD56EE-57DC-443F-8080-491EA6344D5B}.Release|x64.ActiveCfg = Release|Any CPU
		{55BD56EE-57DC-443F-8080-491EA6344D5B}.Release|x64.Build.0 = Release|Any CPU
		{55BD56EE-57DC-443F-8080-491EA6344D5B}.Release|x86.ActiveCfg = Release|Any CPU
		{55BD56EE-57DC-443F-8080-491EA6344D5B}.Release|x86.Build.0 = Release|Any CPU
		{7D690EFB-1A66-458B-8B62-FE7440E69BF2}.Debug|Any CPU.ActiveCfg = Debug|Any CPU
		{7D690EFB-1A66-458B-8B62-FE7440E69BF2}.Debug|Any CPU.Build.0 = Debug|Any CPU
		{7D690EFB-1A66-458B-8B62-FE7440E69BF2}.Debug|x64.ActiveCfg = Debug|Any CPU
		{7D690EFB-1A66-458B-8B62-FE7440E69BF2}.Debug|x64.Build.0 = Debug|Any CPU
		{7D690EFB-1A66-458B-8B62-FE7440E69BF2}.Debug|x86.ActiveCfg = Debug|Any CPU
		{7D690EFB-1A66-458B-8B62-FE7440E69BF2}.Debug|x86.Build.0 = Debug|Any CPU
		{7D690EFB-1A66-458B-8B62-FE7440E69BF2}.Release|Any CPU.ActiveCfg = Release|Any CPU
		{7D690EFB-1A66-458B-8B62-FE7440E69BF2}.Release|Any CPU.Build.0 = Release|Any CPU
		{7D690EFB-1A66-458B-8B62-FE7440E69BF2}.Release|x64.ActiveCfg = Release|Any CPU
		{7D690EFB-1A66-458B-8B62-FE7440E69BF2}.Release|x64.Build.0 = Release|Any CPU
		{7D690EFB-1A66-458B-8B62-FE7440E69BF2}.Release|x86.ActiveCfg = Release|Any CPU
		{7D690EFB-1A66-458B-8B62-FE7440E69BF2}.Release|x86.Build.0 = Release|Any CPU
		{F4D11E05-06A5-47F2-8F72-DC369217EB05}.Debug|Any CPU.ActiveCfg = Debug|Any CPU
		{F4D11E05-06A5-47F2-8F72-DC369217EB05}.Debug|Any CPU.Build.0 = Debug|Any CPU
		{F4D11E05-06A5-47F2-8F72-DC369217EB05}.Debug|x64.ActiveCfg = Debug|Any CPU
		{F4D11E05-06A5-47F2-8F72-DC369217EB05}.Debug|x64.Build.0 = Debug|Any CPU
		{F4D11E05-06A5-47F2-8F72-DC369217EB05}.Debug|x86.ActiveCfg = Debug|Any CPU
		{F4D11E05-06A5-47F2-8F72-DC369217EB05}.Debug|x86.Build.0 = Debug|Any CPU
		{F4D11E05-06A5-47F2-8F72-DC369217EB05}.Release|Any CPU.ActiveCfg = Release|Any CPU
		{F4D11E05-06A5-47F2-8F72-DC369217EB05}.Release|Any CPU.Build.0 = Release|Any CPU
		{F4D11E05-06A5-47F2-8F72-DC369217EB05}.Release|x64.ActiveCfg = Release|Any CPU
		{F4D11E05-06A5-47F2-8F72-DC369217EB05}.Release|x64.Build.0 = Release|Any CPU
		{F4D11E05-06A5-47F2-8F72-DC369217EB05}.Release|x86.ActiveCfg = Release|Any CPU
		{F4D11E05-06A5-47F2-8F72-DC369217EB05}.Release|x86.Build.0 = Release|Any CPU
		{DD42EBAD-85B3-4045-9879-F1A4985D9655}.Debug|Any CPU.ActiveCfg = Debug|Any CPU
		{DD42EBAD-85B3-4045-9879-F1A4985D9655}.Debug|Any CPU.Build.0 = Debug|Any CPU
		{DD42EBAD-85B3-4045-9879-F1A4985D9655}.Debug|x64.ActiveCfg = Debug|Any CPU
		{DD42EBAD-85B3-4045-9879-F1A4985D9655}.Debug|x64.Build.0 = Debug|Any CPU
		{DD42EBAD-85B3-4045-9879-F1A4985D9655}.Debug|x86.ActiveCfg = Debug|Any CPU
		{DD42EBAD-85B3-4045-9879-F1A4985D9655}.Debug|x86.Build.0 = Debug|Any CPU
		{DD42EBAD-85B3-4045-9879-F1A4985D9655}.Release|Any CPU.ActiveCfg = Release|Any CPU
		{DD42EBAD-85B3-4045-9879-F1A4985D9655}.Release|Any CPU.Build.0 = Release|Any CPU
		{DD42EBAD-85B3-4045-9879-F1A4985D9655}.Release|x64.ActiveCfg = Release|Any CPU
		{DD42EBAD-85B3-4045-9879-F1A4985D9655}.Release|x64.Build.0 = Release|Any CPU
		{DD42EBAD-85B3-4045-9879-F1A4985D9655}.Release|x86.ActiveCfg = Release|Any CPU
		{DD42EBAD-85B3-4045-9879-F1A4985D9655}.Release|x86.Build.0 = Release|Any CPU
		{BBDC9530-BCDE-4C35-8A6B-645DC852ABDF}.Debug|Any CPU.ActiveCfg = Debug|Any CPU
		{BBDC9530-BCDE-4C35-8A6B-645DC852ABDF}.Debug|Any CPU.Build.0 = Debug|Any CPU
		{BBDC9530-BCDE-4C35-8A6B-645DC852ABDF}.Debug|x64.ActiveCfg = Debug|Any CPU
		{BBDC9530-BCDE-4C35-8A6B-645DC852ABDF}.Debug|x64.Build.0 = Debug|Any CPU
		{BBDC9530-BCDE-4C35-8A6B-645DC852ABDF}.Debug|x86.ActiveCfg = Debug|Any CPU
		{BBDC9530-BCDE-4C35-8A6B-645DC852ABDF}.Debug|x86.Build.0 = Debug|Any CPU
		{BBDC9530-BCDE-4C35-8A6B-645DC852ABDF}.Release|Any CPU.ActiveCfg = Release|Any CPU
		{BBDC9530-BCDE-4C35-8A6B-645DC852ABDF}.Release|Any CPU.Build.0 = Release|Any CPU
		{BBDC9530-BCDE-4C35-8A6B-645DC852ABDF}.Release|x64.ActiveCfg = Release|Any CPU
		{BBDC9530-BCDE-4C35-8A6B-645DC852ABDF}.Release|x64.Build.0 = Release|Any CPU
		{BBDC9530-BCDE-4C35-8A6B-645DC852ABDF}.Release|x86.ActiveCfg = Release|Any CPU
		{BBDC9530-BCDE-4C35-8A6B-645DC852ABDF}.Release|x86.Build.0 = Release|Any CPU
		{92E1121F-2BAE-4FC0-AD6F-2D9406AA6329}.Debug|Any CPU.ActiveCfg = Debug|Any CPU
		{92E1121F-2BAE-4FC0-AD6F-2D9406AA6329}.Debug|Any CPU.Build.0 = Debug|Any CPU
		{92E1121F-2BAE-4FC0-AD6F-2D9406AA6329}.Debug|x64.ActiveCfg = Debug|Any CPU
		{92E1121F-2BAE-4FC0-AD6F-2D9406AA6329}.Debug|x64.Build.0 = Debug|Any CPU
		{92E1121F-2BAE-4FC0-AD6F-2D9406AA6329}.Debug|x86.ActiveCfg = Debug|Any CPU
		{92E1121F-2BAE-4FC0-AD6F-2D9406AA6329}.Debug|x86.Build.0 = Debug|Any CPU
		{92E1121F-2BAE-4FC0-AD6F-2D9406AA6329}.Release|Any CPU.ActiveCfg = Release|Any CPU
		{92E1121F-2BAE-4FC0-AD6F-2D9406AA6329}.Release|Any CPU.Build.0 = Release|Any CPU
		{92E1121F-2BAE-4FC0-AD6F-2D9406AA6329}.Release|x64.ActiveCfg = Release|Any CPU
		{92E1121F-2BAE-4FC0-AD6F-2D9406AA6329}.Release|x64.Build.0 = Release|Any CPU
		{92E1121F-2BAE-4FC0-AD6F-2D9406AA6329}.Release|x86.ActiveCfg = Release|Any CPU
		{92E1121F-2BAE-4FC0-AD6F-2D9406AA6329}.Release|x86.Build.0 = Release|Any CPU
		{584DF9E2-BF25-4412-BF51-35F19583B3BF}.Debug|Any CPU.ActiveCfg = Debug|Any CPU
		{584DF9E2-BF25-4412-BF51-35F19583B3BF}.Debug|Any CPU.Build.0 = Debug|Any CPU
		{584DF9E2-BF25-4412-BF51-35F19583B3BF}.Debug|x64.ActiveCfg = Debug|Any CPU
		{584DF9E2-BF25-4412-BF51-35F19583B3BF}.Debug|x64.Build.0 = Debug|Any CPU
		{584DF9E2-BF25-4412-BF51-35F19583B3BF}.Debug|x86.ActiveCfg = Debug|Any CPU
		{584DF9E2-BF25-4412-BF51-35F19583B3BF}.Debug|x86.Build.0 = Debug|Any CPU
		{584DF9E2-BF25-4412-BF51-35F19583B3BF}.Release|Any CPU.ActiveCfg = Release|Any CPU
		{584DF9E2-BF25-4412-BF51-35F19583B3BF}.Release|Any CPU.Build.0 = Release|Any CPU
		{584DF9E2-BF25-4412-BF51-35F19583B3BF}.Release|x64.ActiveCfg = Release|Any CPU
		{584DF9E2-BF25-4412-BF51-35F19583B3BF}.Release|x64.Build.0 = Release|Any CPU
		{584DF9E2-BF25-4412-BF51-35F19583B3BF}.Release|x86.ActiveCfg = Release|Any CPU
		{584DF9E2-BF25-4412-BF51-35F19583B3BF}.Release|x86.Build.0 = Release|Any CPU
		{A7F9394A-91EB-4971-8F74-C01BAC129A6D}.Debug|Any CPU.ActiveCfg = Debug|Any CPU
		{A7F9394A-91EB-4971-8F74-C01BAC129A6D}.Debug|x64.ActiveCfg = Debug|Any CPU
		{A7F9394A-91EB-4971-8F74-C01BAC129A6D}.Debug|x86.ActiveCfg = Debug|Any CPU
		{A7F9394A-91EB-4971-8F74-C01BAC129A6D}.Release|Any CPU.ActiveCfg = Release|Any CPU
		{A7F9394A-91EB-4971-8F74-C01BAC129A6D}.Release|x64.ActiveCfg = Release|Any CPU
		{A7F9394A-91EB-4971-8F74-C01BAC129A6D}.Release|x86.ActiveCfg = Release|Any CPU
		{9218EF43-3736-4B28-B9F5-AB239C35174F}.Debug|Any CPU.ActiveCfg = Debug|Any CPU
		{9218EF43-3736-4B28-B9F5-AB239C35174F}.Debug|Any CPU.Build.0 = Debug|Any CPU
		{9218EF43-3736-4B28-B9F5-AB239C35174F}.Debug|x64.ActiveCfg = Debug|Any CPU
		{9218EF43-3736-4B28-B9F5-AB239C35174F}.Debug|x64.Build.0 = Debug|Any CPU
		{9218EF43-3736-4B28-B9F5-AB239C35174F}.Debug|x86.ActiveCfg = Debug|Any CPU
		{9218EF43-3736-4B28-B9F5-AB239C35174F}.Debug|x86.Build.0 = Debug|Any CPU
		{9218EF43-3736-4B28-B9F5-AB239C35174F}.Release|Any CPU.ActiveCfg = Release|Any CPU
		{9218EF43-3736-4B28-B9F5-AB239C35174F}.Release|Any CPU.Build.0 = Release|Any CPU
		{9218EF43-3736-4B28-B9F5-AB239C35174F}.Release|x64.ActiveCfg = Release|Any CPU
		{9218EF43-3736-4B28-B9F5-AB239C35174F}.Release|x64.Build.0 = Release|Any CPU
		{9218EF43-3736-4B28-B9F5-AB239C35174F}.Release|x86.ActiveCfg = Release|Any CPU
		{9218EF43-3736-4B28-B9F5-AB239C35174F}.Release|x86.Build.0 = Release|Any CPU
		{29B69A16-D597-41FE-A820-B0CABE9D1627}.Debug|Any CPU.ActiveCfg = Debug|Any CPU
		{29B69A16-D597-41FE-A820-B0CABE9D1627}.Debug|Any CPU.Build.0 = Debug|Any CPU
		{29B69A16-D597-41FE-A820-B0CABE9D1627}.Debug|x64.ActiveCfg = Debug|Any CPU
		{29B69A16-D597-41FE-A820-B0CABE9D1627}.Debug|x64.Build.0 = Debug|Any CPU
		{29B69A16-D597-41FE-A820-B0CABE9D1627}.Debug|x86.ActiveCfg = Debug|Any CPU
		{29B69A16-D597-41FE-A820-B0CABE9D1627}.Debug|x86.Build.0 = Debug|Any CPU
		{29B69A16-D597-41FE-A820-B0CABE9D1627}.Release|Any CPU.ActiveCfg = Release|Any CPU
		{29B69A16-D597-41FE-A820-B0CABE9D1627}.Release|Any CPU.Build.0 = Release|Any CPU
		{29B69A16-D597-41FE-A820-B0CABE9D1627}.Release|x64.ActiveCfg = Release|Any CPU
		{29B69A16-D597-41FE-A820-B0CABE9D1627}.Release|x64.Build.0 = Release|Any CPU
		{29B69A16-D597-41FE-A820-B0CABE9D1627}.Release|x86.ActiveCfg = Release|Any CPU
		{29B69A16-D597-41FE-A820-B0CABE9D1627}.Release|x86.Build.0 = Release|Any CPU
	EndGlobalSection
	GlobalSection(SolutionProperties) = preSolution
		HideSolutionNode = FALSE
	EndGlobalSection
	GlobalSection(NestedProjects) = preSolution
		{3E285B3A-D69D-4975-BF03-FFF36247FBEE} = {A0094603-ED66-47D8-9FDC-5C59E672CE2B}
		{55BD56EE-57DC-443F-8080-491EA6344D5B} = {A0094603-ED66-47D8-9FDC-5C59E672CE2B}
		{7D690EFB-1A66-458B-8B62-FE7440E69BF2} = {A0094603-ED66-47D8-9FDC-5C59E672CE2B}
		{F4D11E05-06A5-47F2-8F72-DC369217EB05} = {54888ECA-6BE9-4234-BB6E-EC1EC37C0EC2}
		{DD42EBAD-85B3-4045-9879-F1A4985D9655} = {54888ECA-6BE9-4234-BB6E-EC1EC37C0EC2}
		{BBDC9530-BCDE-4C35-8A6B-645DC852ABDF} = {54888ECA-6BE9-4234-BB6E-EC1EC37C0EC2}
		{92E1121F-2BAE-4FC0-AD6F-2D9406AA6329} = {54888ECA-6BE9-4234-BB6E-EC1EC37C0EC2}
		{584DF9E2-BF25-4412-BF51-35F19583B3BF} = {A0094603-ED66-47D8-9FDC-5C59E672CE2B}
		{A7F9394A-91EB-4971-8F74-C01BAC129A6D} = {A0094603-ED66-47D8-9FDC-5C59E672CE2B}
		{9218EF43-3736-4B28-B9F5-AB239C35174F} = {A0094603-ED66-47D8-9FDC-5C59E672CE2B}
		{29B69A16-D597-41FE-A820-B0CABE9D1627} = {A0094603-ED66-47D8-9FDC-5C59E672CE2B}
	EndGlobalSection
EndGlobal
